
Microsoft Visual Studio Solution File, Format Version 12.00
# Visual Studio 15
VisualStudioVersion = 15.0.28307.1972
MinimumVisualStudioVersion = 10.0.40219.1
Project("{9A19103F-16F7-4668-BE54-9A1E7A4F7556}") = "CPMS", "CPMS\CPMS.csproj", "{3C71005B-5CD5-425D-A970-B465F752B03C}"
EndProject
Project("{FAE04EC0-301F-11D3-BF4B-00C04F79EFBC}") = "CPMS-Test", "CPMS-Test\CPMS-Test.csproj", "{B74E4005-CD67-406B-AF65-3C06400A445E}"
EndProject
Global
	GlobalSection(SolutionConfigurationPlatforms) = preSolution
		Debug|Any CPU = Debug|Any CPU
		Release|Any CPU = Release|Any CPU
	EndGlobalSection
	GlobalSection(ProjectConfigurationPlatforms) = postSolution
		{3C71005B-5CD5-425D-A970-B465F752B03C}.Debug|Any CPU.ActiveCfg = Debug|Any CPU
		{3C71005B-5CD5-425D-A970-B465F752B03C}.Debug|Any CPU.Build.0 = Debug|Any CPU
		{3C71005B-5CD5-425D-A970-B465F752B03C}.Release|Any CPU.ActiveCfg = Release|Any CPU
		{3C71005B-5CD5-425D-A970-B465F752B03C}.Release|Any CPU.Build.0 = Release|Any CPU
		{B74E4005-CD67-406B-AF65-3C06400A445E}.Debug|Any CPU.ActiveCfg = Debug|Any CPU
		{B74E4005-CD67-406B-AF65-3C06400A445E}.Debug|Any CPU.Build.0 = Debug|Any CPU
		{B74E4005-CD67-406B-AF65-3C06400A445E}.Release|Any CPU.ActiveCfg = Release|Any CPU
		{B74E4005-CD67-406B-AF65-3C06400A445E}.Release|Any CPU.Build.0 = Release|Any CPU
	EndGlobalSection
	GlobalSection(SolutionProperties) = preSolution
		HideSolutionNode = FALSE
	EndGlobalSection
	GlobalSection(ExtensibilityGlobals) = postSolution
		SolutionGuid = {79F55B4B-5E9A-4120-A192-C00894F5E0FC}
	EndGlobalSection
EndGlobal
